
Microsoft Visual Studio Solution File, Format Version 12.00
# Visual Studio Version 17
VisualStudioVersion = 17.10.34928.147
MinimumVisualStudioVersion = 10.0.40219.1
Project("{FAE04EC0-301F-11D3-BF4B-00C04F79EFBC}") = "BlazorApp1", "BlazorApp1.csproj", "{45273BB7-F250-42EC-917D-8BDAFAEED194}"
EndProject
Global
	GlobalSection(SolutionConfigurationPlatforms) = preSolution
		Debug|Any CPU = Debug|Any CPU
		Release|Any CPU = Release|Any CPU
	EndGlobalSection
	GlobalSection(ProjectConfigurationPlatforms) = postSolution
		{45273BB7-F250-42EC-917D-8BDAFAEED194}.Debug|Any CPU.ActiveCfg = Debug|Any CPU
		{45273BB7-F250-42EC-917D-8BDAFAEED194}.Debug|Any CPU.Build.0 = Debug|Any CPU
		{45273BB7-F250-42EC-917D-8BDAFAEED194}.Release|Any CPU.ActiveCfg = Release|Any CPU
		{45273BB7-F250-42EC-917D-8BDAFAEED194}.Release|Any CPU.Build.0 = Release|Any CPU
	EndGlobalSection
	GlobalSection(SolutionProperties) = preSolution
		HideSolutionNode = FALSE
	EndGlobalSection
	GlobalSection(ExtensibilityGlobals) = postSolution
		SolutionGuid = {DC34F0AF-D198-445E-8D7F-7005453CA287}
	EndGlobalSection
EndGlobal
